
Microsoft Visual Studio Solution File, Format Version 12.00
# Visual Studio Version 17
VisualStudioVersion = 17.0.31903.59
MinimumVisualStudioVersion = 10.0.40219.1
Project("{2150E333-8FDC-42A3-9474-1A3956D46DE8}") = "src", "src", "{827E0CD3-B72D-47B6-A68D-7590B98EB39B}"
EndProject
Project("{FAE04EC0-301F-11D3-BF4B-00C04F79EFBC}") = "LongLive.Next.Abstractions", "src\LongLive.Next.Abstractions\LongLive.Next.Abstractions.csproj", "{1D8E4A80-48B1-4264-8497-F78422A92825}"
EndProject
Project("{FAE04EC0-301F-11D3-BF4B-00C04F79EFBC}") = "LongLive.Next.Runtime", "src\LongLive.Next.Runtime\LongLive.Next.Runtime.csproj", "{727C4055-D5D1-4A05-BB9B-BEA8E6D2D8FF}"
EndProject
Project("{FAE04EC0-301F-11D3-BF4B-00C04F79EFBC}") = "LongLive.BepInEx", "src\LongLive.BepInEx\LongLive.BepInEx.csproj", "{F2C20F60-6D97-4B9D-8D3F-466456AB1B0A}"
EndProject
Project("{FAE04EC0-301F-11D3-BF4B-00C04F79EFBC}") = "LongLive.Mods", "src\LongLive.Mods\LongLive.Mods.csproj", "{9EAB0D8D-DF02-473E-A5CF-D7F3C5CFAE2B}"
EndProject
Project("{FAE04EC0-301F-11D3-BF4B-00C04F79EFBC}") = "LongLive.NativeProbe", "src\LongLive.NativeProbe\LongLive.NativeProbe.csproj", "{B458D03E-D4D7-428C-9486-E1B3914A1ED1}"
EndProject
Global
	GlobalSection(SolutionConfigurationPlatforms) = preSolution
		Debug|Any CPU = Debug|Any CPU
		Debug|x64 = Debug|x64
		Debug|x86 = Debug|x86
		Release|Any CPU = Release|Any CPU
		Release|x64 = Release|x64
		Release|x86 = Release|x86
	EndGlobalSection
	GlobalSection(ProjectConfigurationPlatforms) = postSolution
		{1D8E4A80-48B1-4264-8497-F78422A92825}.Debug|Any CPU.ActiveCfg = Debug|Any CPU
		{1D8E4A80-48B1-4264-8497-F78422A92825}.Debug|Any CPU.Build.0 = Debug|Any CPU
		{1D8E4A80-48B1-4264-8497-F78422A92825}.Debug|x64.ActiveCfg = Debug|Any CPU
		{1D8E4A80-48B1-4264-8497-F78422A92825}.Debug|x64.Build.0 = Debug|Any CPU
		{1D8E4A80-48B1-4264-8497-F78422A92825}.Debug|x86.ActiveCfg = Debug|Any CPU
		{1D8E4A80-48B1-4264-8497-F78422A92825}.Debug|x86.Build.0 = Debug|Any CPU
		{1D8E4A80-48B1-4264-8497-F78422A92825}.Release|Any CPU.ActiveCfg = Release|Any CPU
		{1D8E4A80-48B1-4264-8497-F78422A92825}.Release|Any CPU.Build.0 = Release|Any CPU
		{1D8E4A80-48B1-4264-8497-F78422A92825}.Release|x64.ActiveCfg = Release|Any CPU
		{1D8E4A80-48B1-4264-8497-F78422A92825}.Release|x64.Build.0 = Release|Any CPU
		{1D8E4A80-48B1-4264-8497-F78422A92825}.Release|x86.ActiveCfg = Release|Any CPU
		{1D8E4A80-48B1-4264-8497-F78422A92825}.Release|x86.Build.0 = Release|Any CPU
		{727C4055-D5D1-4A05-BB9B-BEA8E6D2D8FF}.Debug|Any CPU.ActiveCfg = Debug|Any CPU
		{727C4055-D5D1-4A05-BB9B-BEA8E6D2D8FF}.Debug|Any CPU.Build.0 = Debug|Any CPU
		{727C4055-D5D1-4A05-BB9B-BEA8E6D2D8FF}.Debug|x64.ActiveCfg = Debug|Any CPU
		{727C4055-D5D1-4A05-BB9B-BEA8E6D2D8FF}.Debug|x64.Build.0 = Debug|Any CPU
		{727C4055-D5D1-4A05-BB9B-BEA8E6D2D8FF}.Debug|x86.ActiveCfg = Debug|Any CPU
		{727C4055-D5D1-4A05-BB9B-BEA8E6D2D8FF}.Debug|x86.Build.0 = Debug|Any CPU
		{727C4055-D5D1-4A05-BB9B-BEA8E6D2D8FF}.Release|Any CPU.ActiveCfg = Release|Any CPU
		{727C4055-D5D1-4A05-BB9B-BEA8E6D2D8FF}.Release|Any CPU.Build.0 = Release|Any CPU
		{727C4055-D5D1-4A05-BB9B-BEA8E6D2D8FF}.Release|x64.ActiveCfg = Release|Any CPU
		{727C4055-D5D1-4A05-BB9B-BEA8E6D2D8FF}.Release|x64.Build.0 = Release|Any CPU
		{727C4055-D5D1-4A05-BB9B-BEA8E6D2D8FF}.Release|x86.ActiveCfg = Release|Any CPU
		{727C4055-D5D1-4A05-BB9B-BEA8E6D2D8FF}.Release|x86.Build.0 = Release|Any CPU
		{F2C20F60-6D97-4B9D-8D3F-466456AB1B0A}.Debug|Any CPU.ActiveCfg = Debug|Any CPU
		{F2C20F60-6D97-4B9D-8D3F-466456AB1B0A}.Debug|Any CPU.Build.0 = Debug|Any CPU
		{F2C20F60-6D97-4B9D-8D3F-466456AB1B0A}.Debug|x64.ActiveCfg = Debug|Any CPU
		{F2C20F60-6D97-4B9D-8D3F-466456AB1B0A}.Debug|x64.Build.0 = Debug|Any CPU
		{F2C20F60-6D97-4B9D-8D3F-466456AB1B0A}.Debug|x86.ActiveCfg = Debug|Any CPU
		{F2C20F60-6D97-4B9D-8D3F-466456AB1B0A}.Debug|x86.Build.0 = Debug|Any CPU
		{F2C20F60-6D97-4B9D-8D3F-466456AB1B0A}.Release|Any CPU.ActiveCfg = Release|Any CPU
		{F2C20F60-6D97-4B9D-8D3F-466456AB1B0A}.Release|Any CPU.Build.0 = Release|Any CPU
		{F2C20F60-6D97-4B9D-8D3F-466456AB1B0A}.Release|x64.ActiveCfg = Release|Any CPU
		{F2C20F60-6D97-4B9D-8D3F-466456AB1B0A}.Release|x64.Build.0 = Release|Any CPU
		{F2C20F60-6D97-4B9D-8D3F-466456AB1B0A}.Release|x86.ActiveCfg = Release|Any CPU
		{F2C20F60-6D97-4B9D-8D3F-466456AB1B0A}.Release|x86.Build.0 = Release|Any CPU
		{9EAB0D8D-DF02-473E-A5CF-D7F3C5CFAE2B}.Debug|Any CPU.ActiveCfg = Debug|Any CPU
		{9EAB0D8D-DF02-473E-A5CF-D7F3C5CFAE2B}.Debug|Any CPU.Build.0 = Debug|Any CPU
		{9EAB0D8D-DF02-473E-A5CF-D7F3C5CFAE2B}.Debug|x64.ActiveCfg = Debug|Any CPU
		{9EAB0D8D-DF02-473E-A5CF-D7F3C5CFAE2B}.Debug|x64.Build.0 = Debug|Any CPU
		{9EAB0D8D-DF02-473E-A5CF-D7F3C5CFAE2B}.Debug|x86.ActiveCfg = Debug|Any CPU
		{9EAB0D8D-DF02-473E-A5CF-D7F3C5CFAE2B}.Debug|x86.Build.0 = Debug|Any CPU
		{9EAB0D8D-DF02-473E-A5CF-D7F3C5CFAE2B}.Release|Any CPU.ActiveCfg = Release|Any CPU
		{9EAB0D8D-DF02-473E-A5CF-D7F3C5CFAE2B}.Release|Any CPU.Build.0 = Release|Any CPU
		{9EAB0D8D-DF02-473E-A5CF-D7F3C5CFAE2B}.Release|x64.ActiveCfg = Release|Any CPU
		{9EAB0D8D-DF02-473E-A5CF-D7F3C5CFAE2B}.Release|x64.Build.0 = Release|Any CPU
		{9EAB0D8D-DF02-473E-A5CF-D7F3C5CFAE2B}.Release|x86.ActiveCfg = Release|Any CPU
		{9EAB0D8D-DF02-473E-A5CF-D7F3C5CFAE2B}.Release|x86.Build.0 = Release|Any CPU
		{B458D03E-D4D7-428C-9486-E1B3914A1ED1}.Debug|Any CPU.ActiveCfg = Debug|Any CPU
		{B458D03E-D4D7-428C-9486-E1B3914A1ED1}.Debug|Any CPU.Build.0 = Debug|Any CPU
		{B458D03E-D4D7-428C-9486-E1B3914A1ED1}.Debug|x64.ActiveCfg = Debug|Any CPU
		{B458D03E-D4D7-428C-9486-E1B3914A1ED1}.Debug|x64.Build.0 = Debug|Any CPU
		{B458D03E-D4D7-428C-9486-E1B3914A1ED1}.Debug|x86.ActiveCfg = Debug|Any CPU
		{B458D03E-D4D7-428C-9486-E1B3914A1ED1}.Debug|x86.Build.0 = Debug|Any CPU
		{B458D03E-D4D7-428C-9486-E1B3914A1ED1}.Release|Any CPU.ActiveCfg = Release|Any CPU
		{B458D03E-D4D7-428C-9486-E1B3914A1ED1}.Release|Any CPU.Build.0 = Release|Any CPU
		{B458D03E-D4D7-428C-9486-E1B3914A1ED1}.Release|x64.ActiveCfg = Release|Any CPU
		{B458D03E-D4D7-428C-9486-E1B3914A1ED1}.Release|x64.Build.0 = Release|Any CPU
		{B458D03E-D4D7-428C-9486-E1B3914A1ED1}.Release|x86.ActiveCfg = Release|Any CPU
		{B458D03E-D4D7-428C-9486-E1B3914A1ED1}.Release|x86.Build.0 = Release|Any CPU
	EndGlobalSection
	GlobalSection(SolutionProperties) = preSolution
		HideSolutionNode = FALSE
	EndGlobalSection
	GlobalSection(NestedProjects) = preSolution
		{1D8E4A80-48B1-4264-8497-F78422A92825} = {827E0CD3-B72D-47B6-A68D-7590B98EB39B}
		{727C4055-D5D1-4A05-BB9B-BEA8E6D2D8FF} = {827E0CD3-B72D-47B6-A68D-7590B98EB39B}
		{F2C20F60-6D97-4B9D-8D3F-466456AB1B0A} = {827E0CD3-B72D-47B6-A68D-7590B98EB39B}
		{9EAB0D8D-DF02-473E-A5CF-D7F3C5CFAE2B} = {827E0CD3-B72D-47B6-A68D-7590B98EB39B}
		{B458D03E-D4D7-428C-9486-E1B3914A1ED1} = {827E0CD3-B72D-47B6-A68D-7590B98EB39B}
	EndGlobalSection
EndGlobal
